
Microsoft Visual Studio Solution File, Format Version 12.00
# Visual Studio 2012
Project("{FAE04EC0-301F-11D3-BF4B-00C04F79EFBC}") = "Telerik.Web.Spreadsheet", "Telerik.Web.Spreadsheet\Telerik.Web.Spreadsheet.csproj", "{D697E6A6-319F-44FA-A757-443415FF43BB}"
EndProject
Project("{FAE04EC0-301F-11D3-BF4B-00C04F79EFBC}") = "Telerik.Web.Spreadsheet.Tests", "Telerik.Web.Spreadsheet.Tests\Telerik.Web.Spreadsheet.Tests.csproj", "{F5A6C645-40D3-4F08-9A8B-39CB0108FEFF}"
EndProject
Global
	GlobalSection(SolutionConfigurationPlatforms) = preSolution
		Debug|Any CPU = Debug|Any CPU
		Release|Any CPU = Release|Any CPU
	EndGlobalSection
	GlobalSection(ProjectConfigurationPlatforms) = postSolution
		{D697E6A6-319F-44FA-A757-443415FF43BB}.Debug|Any CPU.ActiveCfg = Debug|Any CPU
		{D697E6A6-319F-44FA-A757-443415FF43BB}.Debug|Any CPU.Build.0 = Debug|Any CPU
		{D697E6A6-319F-44FA-A757-443415FF43BB}.Release|Any CPU.ActiveCfg = Release|Any CPU
		{D697E6A6-319F-44FA-A757-443415FF43BB}.Release|Any CPU.Build.0 = Release|Any CPU
		{F5A6C645-40D3-4F08-9A8B-39CB0108FEFF}.Debug|Any CPU.ActiveCfg = Debug|Any CPU
		{F5A6C645-40D3-4F08-9A8B-39CB0108FEFF}.Debug|Any CPU.Build.0 = Debug|Any CPU
		{F5A6C645-40D3-4F08-9A8B-39CB0108FEFF}.Release|Any CPU.ActiveCfg = Release|Any CPU
		{F5A6C645-40D3-4F08-9A8B-39CB0108FEFF}.Release|Any CPU.Build.0 = Release|Any CPU
	EndGlobalSection
	GlobalSection(SolutionProperties) = preSolution
		HideSolutionNode = FALSE
	EndGlobalSection
EndGlobal
