
Microsoft Visual Studio Solution File, Format Version 12.00
# Visual Studio 14
VisualStudioVersion = 14.0.22823.1
MinimumVisualStudioVersion = 10.0.40219.1
Project("{8BB2217D-0F2D-49D1-97BC-3654ED321F3B}") = "Kendo.Mvc", "src\Kendo.Mvc\Kendo.Mvc.xproj", "{953817CE-AC98-4947-862E-A3BADF63A527}"
EndProject
Project("{8BB2217D-0F2D-49D1-97BC-3654ED321F3B}") = "Kendo.Mvc.Examples", "demos\Kendo.Mvc.Examples\Kendo.Mvc.Examples.xproj", "{F3669119-96FB-460D-AFA7-6076A01DA3DD}"
EndProject
Project("{8BB2217D-0F2D-49D1-97BC-3654ED321F3B}") = "Kendo.Mvc.Tests", "tests\Kendo.Mvc.Tests\Kendo.Mvc.Tests.xproj", "{E92BDBAE-288C-49DA-BD1C-0F7E1FB5DC15}"
EndProject
Global
	GlobalSection(SolutionConfigurationPlatforms) = preSolution
		Debug|Any CPU = Debug|Any CPU
		Release|Any CPU = Release|Any CPU
	EndGlobalSection
	GlobalSection(ProjectConfigurationPlatforms) = postSolution
		{953817CE-AC98-4947-862E-A3BADF63A527}.Debug|Any CPU.ActiveCfg = Debug|Any CPU
		{953817CE-AC98-4947-862E-A3BADF63A527}.Debug|Any CPU.Build.0 = Debug|Any CPU
		{953817CE-AC98-4947-862E-A3BADF63A527}.Release|Any CPU.ActiveCfg = Release|Any CPU
		{953817CE-AC98-4947-862E-A3BADF63A527}.Release|Any CPU.Build.0 = Release|Any CPU
		{F3669119-96FB-460D-AFA7-6076A01DA3DD}.Debug|Any CPU.ActiveCfg = Debug|Any CPU
		{F3669119-96FB-460D-AFA7-6076A01DA3DD}.Debug|Any CPU.Build.0 = Debug|Any CPU
		{F3669119-96FB-460D-AFA7-6076A01DA3DD}.Release|Any CPU.ActiveCfg = Release|Any CPU
		{F3669119-96FB-460D-AFA7-6076A01DA3DD}.Release|Any CPU.Build.0 = Release|Any CPU
		{E92BDBAE-288C-49DA-BD1C-0F7E1FB5DC15}.Debug|Any CPU.ActiveCfg = Debug|Any CPU
		{E92BDBAE-288C-49DA-BD1C-0F7E1FB5DC15}.Debug|Any CPU.Build.0 = Debug|Any CPU
		{E92BDBAE-288C-49DA-BD1C-0F7E1FB5DC15}.Release|Any CPU.ActiveCfg = Release|Any CPU
		{E92BDBAE-288C-49DA-BD1C-0F7E1FB5DC15}.Release|Any CPU.Build.0 = Release|Any CPU
	EndGlobalSection
	GlobalSection(SolutionProperties) = preSolution
		HideSolutionNode = FALSE
	EndGlobalSection
EndGlobal
